
Microsoft Visual Studio Solution File, Format Version 12.00
# Visual Studio Version 16
VisualStudioVersion = 16.0.31019.35
MinimumVisualStudioVersion = 10.0.40219.1
Project("{9A19103F-16F7-4668-BE54-9A1E7A4F7556}") = "TaskListApp", "TaskListApp.csproj", "{020D1163-4D63-4FBC-9E54-7E49AD26D8B4}"
EndProject
Project("{2150E333-8FDC-42A3-9474-1A3956D46DE8}") = "Solution Items", "Solution Items", "{858B4D4F-1D4C-4C6E-A6C5-559EA65E44D3}"
	ProjectSection(SolutionItems) = preProject
		.editorconfig = .editorconfig
	EndProjectSection
EndProject
Global
	GlobalSection(SolutionConfigurationPlatforms) = preSolution
		Debug|Any CPU = Debug|Any CPU
		Release|Any CPU = Release|Any CPU
	EndGlobalSection
	GlobalSection(ProjectConfigurationPlatforms) = postSolution
		{020D1163-4D63-4FBC-9E54-7E49AD26D8B4}.Debug|Any CPU.ActiveCfg = Debug|Any CPU
		{020D1163-4D63-4FBC-9E54-7E49AD26D8B4}.Debug|Any CPU.Build.0 = Debug|Any CPU
		{020D1163-4D63-4FBC-9E54-7E49AD26D8B4}.Release|Any CPU.ActiveCfg = Release|Any CPU
		{020D1163-4D63-4FBC-9E54-7E49AD26D8B4}.Release|Any CPU.Build.0 = Release|Any CPU
	EndGlobalSection
	GlobalSection(SolutionProperties) = preSolution
		HideSolutionNode = FALSE
	EndGlobalSection
	GlobalSection(ExtensibilityGlobals) = postSolution
		SolutionGuid = {4627813B-B7FC-498D-B69F-E13B33326B93}
	EndGlobalSection
EndGlobal
