
Microsoft Visual Studio Solution File, Format Version 12.00
# Visual Studio Version 16
VisualStudioVersion = 16.0.31205.134
MinimumVisualStudioVersion = 10.0.40219.1
Project("{FAE04EC0-301F-11D3-BF4B-00C04F79EFBC}") = "HW7DocumentSearchSolution", "HW7DocumentSearchSolution.csproj", "{311C4E1B-B40A-4968-89A4-E28220064551}"
EndProject
Global
	GlobalSection(SolutionConfigurationPlatforms) = preSolution
		Debug|Any CPU = Debug|Any CPU
		Release|Any CPU = Release|Any CPU
	EndGlobalSection
	GlobalSection(ProjectConfigurationPlatforms) = postSolution
		{311C4E1B-B40A-4968-89A4-E28220064551}.Debug|Any CPU.ActiveCfg = Debug|Any CPU
		{311C4E1B-B40A-4968-89A4-E28220064551}.Debug|Any CPU.Build.0 = Debug|Any CPU
		{311C4E1B-B40A-4968-89A4-E28220064551}.Release|Any CPU.ActiveCfg = Release|Any CPU
		{311C4E1B-B40A-4968-89A4-E28220064551}.Release|Any CPU.Build.0 = Release|Any CPU
	EndGlobalSection
	GlobalSection(SolutionProperties) = preSolution
		HideSolutionNode = FALSE
	EndGlobalSection
	GlobalSection(ExtensibilityGlobals) = postSolution
		SolutionGuid = {5415B458-F8B6-4740-BA7B-789684CE8418}
	EndGlobalSection
EndGlobal
