
Microsoft Visual Studio Solution File, Format Version 12.00
# Visual Studio Version 16
VisualStudioVersion = 16.0.31205.134
MinimumVisualStudioVersion = 10.0.40219.1
Project("{9A19103F-16F7-4668-BE54-9A1E7A4F7556}") = "HW6MovieSharingSolution", "HW6MovieSharingSolution.csproj", "{0026ED4F-5E6C-41DF-8E94-71331F388C02}"
EndProject
Global
	GlobalSection(SolutionConfigurationPlatforms) = preSolution
		Debug|Any CPU = Debug|Any CPU
		Release|Any CPU = Release|Any CPU
	EndGlobalSection
	GlobalSection(ProjectConfigurationPlatforms) = postSolution
		{0026ED4F-5E6C-41DF-8E94-71331F388C02}.Debug|Any CPU.ActiveCfg = Debug|Any CPU
		{0026ED4F-5E6C-41DF-8E94-71331F388C02}.Debug|Any CPU.Build.0 = Debug|Any CPU
		{0026ED4F-5E6C-41DF-8E94-71331F388C02}.Release|Any CPU.ActiveCfg = Release|Any CPU
		{0026ED4F-5E6C-41DF-8E94-71331F388C02}.Release|Any CPU.Build.0 = Release|Any CPU
	EndGlobalSection
	GlobalSection(SolutionProperties) = preSolution
		HideSolutionNode = FALSE
	EndGlobalSection
	GlobalSection(ExtensibilityGlobals) = postSolution
		SolutionGuid = {BE1F4827-0CE0-4BF5-9ECC-E15CC0A5AE0D}
	EndGlobalSection
EndGlobal
